
Microsoft Visual Studio Solution File, Format Version 12.00
# Visual Studio 15
VisualStudioVersion = 15.0.28010.2036
MinimumVisualStudioVersion = 10.0.40219.1
Project("{8BC9CEB8-8B4A-11D0-8D11-00A0C91BC942}") = "Djinn", "Djinn\Djinn.vcxproj", "{77416B35-8596-47BC-9D80-C9ED8D7DE533}"
EndProject
Project("{8BC9CEB8-8B4A-11D0-8D11-00A0C91BC942}") = "DjinnTest", "DjinnTest\DjinnTest.vcxproj", "{87247CCF-D68E-48CE-A020-6090FA9D1BEB}"
EndProject
Project("{8BC9CEB8-8B4A-11D0-8D11-00A0C91BC942}") = "Bazaar", "Bazaar\Bazaar.vcxproj", "{E39305F6-E210-495A-A124-A82B84FED15D}"
EndProject
Global
	GlobalSection(SolutionConfigurationPlatforms) = preSolution
		Debug|x64 = Debug|x64
		Debug|x86 = Debug|x86
		Release|x64 = Release|x64
		Release|x86 = Release|x86
	EndGlobalSection
	GlobalSection(ProjectConfigurationPlatforms) = postSolution
		{77416B35-8596-47BC-9D80-C9ED8D7DE533}.Debug|x64.ActiveCfg = Debug|x64
		{77416B35-8596-47BC-9D80-C9ED8D7DE533}.Debug|x64.Build.0 = Debug|x64
		{77416B35-8596-47BC-9D80-C9ED8D7DE533}.Debug|x86.ActiveCfg = Debug|Win32
		{77416B35-8596-47BC-9D80-C9ED8D7DE533}.Debug|x86.Build.0 = Debug|Win32
		{77416B35-8596-47BC-9D80-C9ED8D7DE533}.Release|x64.ActiveCfg = Release|x64
		{77416B35-8596-47BC-9D80-C9ED8D7DE533}.Release|x64.Build.0 = Release|x64
		{77416B35-8596-47BC-9D80-C9ED8D7DE533}.Release|x86.ActiveCfg = Release|Win32
		{77416B35-8596-47BC-9D80-C9ED8D7DE533}.Release|x86.Build.0 = Release|Win32
		{87247CCF-D68E-48CE-A020-6090FA9D1BEB}.Debug|x64.ActiveCfg = Debug|x64
		{87247CCF-D68E-48CE-A020-6090FA9D1BEB}.Debug|x64.Build.0 = Debug|x64
		{87247CCF-D68E-48CE-A020-6090FA9D1BEB}.Debug|x86.ActiveCfg = Debug|Win32
		{87247CCF-D68E-48CE-A020-6090FA9D1BEB}.Debug|x86.Build.0 = Debug|Win32
		{87247CCF-D68E-48CE-A020-6090FA9D1BEB}.Release|x64.ActiveCfg = Release|x64
		{87247CCF-D68E-48CE-A020-6090FA9D1BEB}.Release|x64.Build.0 = Release|x64
		{87247CCF-D68E-48CE-A020-6090FA9D1BEB}.Release|x86.ActiveCfg = Release|Win32
		{87247CCF-D68E-48CE-A020-6090FA9D1BEB}.Release|x86.Build.0 = Release|Win32
		{E39305F6-E210-495A-A124-A82B84FED15D}.Debug|x64.ActiveCfg = Debug|x64
		{E39305F6-E210-495A-A124-A82B84FED15D}.Debug|x64.Build.0 = Debug|x64
		{E39305F6-E210-495A-A124-A82B84FED15D}.Debug|x86.ActiveCfg = Debug|Win32
		{E39305F6-E210-495A-A124-A82B84FED15D}.Debug|x86.Build.0 = Debug|Win32
		{E39305F6-E210-495A-A124-A82B84FED15D}.Release|x64.ActiveCfg = Release|x64
		{E39305F6-E210-495A-A124-A82B84FED15D}.Release|x64.Build.0 = Release|x64
		{E39305F6-E210-495A-A124-A82B84FED15D}.Release|x86.ActiveCfg = Release|Win32
		{E39305F6-E210-495A-A124-A82B84FED15D}.Release|x86.Build.0 = Release|Win32
	EndGlobalSection
	GlobalSection(SolutionProperties) = preSolution
		HideSolutionNode = FALSE
	EndGlobalSection
	GlobalSection(ExtensibilityGlobals) = postSolution
		SolutionGuid = {3C882847-9A51-4DBC-887A-294C6000CA8C}
	EndGlobalSection
EndGlobal
