<?xml version="1.0" encoding="utf-8"?>
<Project ToolsVersion="4.0" xmlns="http://schemas.microsoft.com/developer/msbuild/2003">
  <ItemGroup>
    <ClCompile Include="core\engine.cpp">
      <Filter>core</Filter>
    </ClCompile>
    <ClCompile Include="core\log_category.cpp">
      <Filter>core</Filter>
    </ClCompile>
    <ClCompile Include="core\log_message.cpp">
      <Filter>core</Filter>
    </ClCompile>
    <ClCompile Include="core\log_sink.cpp">
      <Filter>core</Filter>
    </ClCompile>
    <ClCompile Include="core\logger.cpp">
      <Filter>core</Filter>
    </ClCompile>
    <ClCompile Include="core\system.cpp">
      <Filter>core</Filter>
    </ClCompile>
    <ClCompile Include="util\exception_windows.cpp">
      <Filter>util</Filter>
    </ClCompile>
    <ClCompile Include="util\string_util.cpp">
      <Filter>util</Filter>
    </ClCompile>
    <ClCompile Include="util\typemap.cpp">
      <Filter>util</Filter>
    </ClCompile>
    <ClCompile Include="app\application.cpp">
      <Filter>app</Filter>
    </ClCompile>
    <ClCompile Include="input\input.cpp">
      <Filter>input</Filter>
    </ClCompile>
    <ClCompile Include="input\keyboard.cpp">
      <Filter>input</Filter>
    </ClCompile>
    <ClCompile Include="third_party.cpp" />
    <ClCompile Include="input\mouse.cpp">
      <Filter>input</Filter>
    </ClCompile>
    <ClCompile Include="util\dynamic_bitset.cpp">
      <Filter>util</Filter>
    </ClCompile>
    <ClCompile Include="graphics\graphics.cpp">
      <Filter>graphics</Filter>
    </ClCompile>
    <ClCompile Include="graphics\window.cpp">
      <Filter>graphics</Filter>
    </ClCompile>
    <ClCompile Include="graphics\extensions.cpp">
      <Filter>graphics</Filter>
    </ClCompile>
  </ItemGroup>
  <ItemGroup>
    <None Include="core\engine.inl">
      <Filter>core</Filter>
    </None>
    <None Include="core\log_message.inl">
      <Filter>core</Filter>
    </None>
    <None Include="core\log_sink.inl">
      <Filter>core</Filter>
    </None>
    <None Include="core\system.inl">
      <Filter>core</Filter>
    </None>
    <None Include="util\algorithm.inl">
      <Filter>util</Filter>
    </None>
    <None Include="util\string_util.inl">
      <Filter>util</Filter>
    </None>
    <None Include="util\typemap.inl">
      <Filter>util</Filter>
    </None>
    <None Include="core\mediator_queue.inl">
      <Filter>core</Filter>
    </None>
    <None Include="core\mediator.inl">
      <Filter>core</Filter>
    </None>
    <None Include="util\flat_map.inl">
      <Filter>util</Filter>
    </None>
    <None Include="util\variant.inl">
      <Filter>util</Filter>
    </None>
    <None Include="util\reflect.inl">
      <Filter>util</Filter>
    </None>
    <None Include="math\trigonometry.inl">
      <Filter>math</Filter>
    </None>
  </ItemGroup>
  <ItemGroup>
    <Filter Include="core">
      <UniqueIdentifier>{6e7df5a4-081e-4067-92ab-5dbb432ff951}</UniqueIdentifier>
    </Filter>
    <Filter Include="util">
      <UniqueIdentifier>{f0938842-cde4-4f20-b341-f3d631831dd2}</UniqueIdentifier>
    </Filter>
    <Filter Include="app">
      <UniqueIdentifier>{1816d285-c2a0-44ae-ab2f-ea007e1cf6dc}</UniqueIdentifier>
    </Filter>
    <Filter Include="input">
      <UniqueIdentifier>{fb76ab57-588f-42d1-b0a0-ca32bcdb7d93}</UniqueIdentifier>
    </Filter>
    <Filter Include="shaders">
      <UniqueIdentifier>{174db6fa-5135-4519-80b5-4c1356181d2f}</UniqueIdentifier>
    </Filter>
    <Filter Include="scene">
      <UniqueIdentifier>{ecea6bb2-553d-46df-ab94-0cc3695b74ca}</UniqueIdentifier>
    </Filter>
    <Filter Include="graphics">
      <UniqueIdentifier>{08d89e26-08f2-4f42-bdb4-62d9e9572e21}</UniqueIdentifier>
    </Filter>
    <Filter Include="submodules">
      <UniqueIdentifier>{580a071e-0958-45a7-9474-07d5ffa497fd}</UniqueIdentifier>
    </Filter>
    <Filter Include="math">
      <UniqueIdentifier>{4f51f587-c908-4a9d-a5e3-6e1c21cf9f54}</UniqueIdentifier>
    </Filter>
  </ItemGroup>
  <ItemGroup>
    <ClInclude Include="core\engine.h">
      <Filter>core</Filter>
    </ClInclude>
    <ClInclude Include="core\log_category.h">
      <Filter>core</Filter>
    </ClInclude>
    <ClInclude Include="core\log_message.h">
      <Filter>core</Filter>
    </ClInclude>
    <ClInclude Include="core\log_sink.h">
      <Filter>core</Filter>
    </ClInclude>
    <ClInclude Include="core\logger.h">
      <Filter>core</Filter>
    </ClInclude>
    <ClInclude Include="core\system.h">
      <Filter>core</Filter>
    </ClInclude>
    <ClInclude Include="util\algorithm.h">
      <Filter>util</Filter>
    </ClInclude>
    <ClInclude Include="util\exception_windows.h">
      <Filter>util</Filter>
    </ClInclude>
    <ClInclude Include="util\string_util.h">
      <Filter>util</Filter>
    </ClInclude>
    <ClInclude Include="util\typemap.h">
      <Filter>util</Filter>
    </ClInclude>
    <ClInclude Include="preprocessor.h" />
    <ClInclude Include="app\application.h">
      <Filter>app</Filter>
    </ClInclude>
    <ClInclude Include="core\mediator_queue.h">
      <Filter>core</Filter>
    </ClInclude>
    <ClInclude Include="core\mediator.h">
      <Filter>core</Filter>
    </ClInclude>
    <ClInclude Include="util\flat_map.h">
      <Filter>util</Filter>
    </ClInclude>
    <ClInclude Include="input\input.h">
      <Filter>input</Filter>
    </ClInclude>
    <ClInclude Include="util\variant.h">
      <Filter>util</Filter>
    </ClInclude>
    <ClInclude Include="input\keyboard.h">
      <Filter>input</Filter>
    </ClInclude>
    <ClInclude Include="third_party.h" />
    <ClInclude Include="input\mouse.h">
      <Filter>input</Filter>
    </ClInclude>
    <ClInclude Include="util\reflect.h">
      <Filter>util</Filter>
    </ClInclude>
    <ClInclude Include="util\dynamic_bitset.h">
      <Filter>util</Filter>
    </ClInclude>
    <ClInclude Include="graphics\graphics.h">
      <Filter>graphics</Filter>
    </ClInclude>
    <ClInclude Include="graphics\window.h">
      <Filter>graphics</Filter>
    </ClInclude>
    <ClInclude Include="graphics\extensions.h">
      <Filter>graphics</Filter>
    </ClInclude>
    <ClInclude Include="math\trigonometry.h">
      <Filter>math</Filter>
    </ClInclude>
  </ItemGroup>
</Project>