<?xml version="1.0" encoding="utf-8"?>
<Project ToolsVersion="4.0" xmlns="http://schemas.microsoft.com/developer/msbuild/2003">
  <ItemGroup>
    <ClInclude Include="stdafx.h" />
    <ClInclude Include="indicator.h" />
  </ItemGroup>
  <ItemGroup>
    <ClCompile Include="stdafx.cpp" />
    <ClCompile Include="template.cpp" />
    <ClCompile Include="util\string_util.cpp">
      <Filter>util</Filter>
    </ClCompile>
    <ClCompile Include="util\flat_map.cpp">
      <Filter>util</Filter>
    </ClCompile>
    <ClCompile Include="indicator.cpp" />
    <ClCompile Include="util\variant.cpp">
      <Filter>util</Filter>
    </ClCompile>
    <ClCompile Include="util\enum.cpp">
      <Filter>util</Filter>
    </ClCompile>
    <ClCompile Include="util\prefer.cpp">
      <Filter>util</Filter>
    </ClCompile>
    <ClCompile Include="util\reflect.cpp">
      <Filter>util</Filter>
    </ClCompile>
  </ItemGroup>
  <ItemGroup>
    <Filter Include="core">
      <UniqueIdentifier>{3c597ea8-bc12-4246-82b7-0bc271a6fdab}</UniqueIdentifier>
    </Filter>
    <Filter Include="util">
      <UniqueIdentifier>{fda4f558-b013-4bbd-a785-b5068a8cefbe}</UniqueIdentifier>
    </Filter>
  </ItemGroup>
</Project>