<?xml version="1.0" encoding="utf-8"?>
<Project ToolsVersion="4.0" xmlns="http://schemas.microsoft.com/developer/msbuild/2003">
  <ItemGroup>
    <ClInclude Include="stdafx.h" />
    <ClInclude Include="indicator.h" />
  </ItemGroup>
  <ItemGroup>
    <ClCompile Include="stdafx.cpp" />
    <ClCompile Include="template.cpp" />
    <ClCompile Include="util\string_util.cpp">
      <Filter>util</Filter>
    </ClCompile>
    <ClCompile Include="util\flat_map.cpp">
      <Filter>util</Filter>
    </ClCompile>
    <ClCompile Include="indicator.cpp" />
    <ClCompile Include="util\variant.cpp">
      <Filter>util</Filter>
    </ClCompile>
    <ClCompile Include="util\enum.cpp">
      <Filter>util</Filter>
    </ClCompile>
    <ClCompile Include="util\prefer.cpp">
      <Filter>util</Filter>
    </ClCompile>
    <ClCompile Include="util\reflect.cpp">
      <Filter>util</Filter>
    </ClCompile>
    <ClCompile Include="util\dynamic_bitset.cpp">
      <Filter>util</Filter>
    </ClCompile>
    <ClCompile Include="math\math.cpp">
      <Filter>math</Filter>
    </ClCompile>
  </ItemGroup>
  <ItemGroup>
    <Filter Include="util">
      <UniqueIdentifier>{fda4f558-b013-4bbd-a785-b5068a8cefbe}</UniqueIdentifier>
    </Filter>
    <Filter Include="math">
      <UniqueIdentifier>{922b5b84-971a-4191-a395-8cd2aeaf747a}</UniqueIdentifier>
    </Filter>
  </ItemGroup>
</Project>
